Microsoft Visual Studio Solution File, Format Version 11.00
# Visual Studio 2008

Project("{54092952-D20F-3E90-F59B-70690B990A05}") = "TrabalhoCG", "Assembly-CSharp-firstpass.csproj", "{CA388406-3817-4694-33D4-D64B402F0176}"
EndProject
Project("{54092952-D20F-3E90-F59B-70690B990A05}") = "TrabalhoCG", "Assembly-CSharp.csproj", "{9C6060CE-BC63-98D1-CE36-774BF6F258BF}"
EndProject
Project("{54092952-D20F-3E90-F59B-70690B990A05}") = "TrabalhoCG", "Assembly-CSharp-Editor.csproj", "{AD9DDDE7-01DF-F029-7374-A293C8859EE0}"
EndProject
Global
	GlobalSection(SolutionConfigurationPlatforms) = preSolution
		Debug|Any CPU = Debug|Any CPU
		Release|Any CPU = Release|Any CPU
	EndGlobalSection
	GlobalSection(ProjectConfigurationPlatforms) = postSolution
		{CA388406-3817-4694-33D4-D64B402F0176}.Debug|Any CPU.ActiveCfg = Debug|Any CPU
		{CA388406-3817-4694-33D4-D64B402F0176}.Debug|Any CPU.Build.0 = Debug|Any CPU
		{CA388406-3817-4694-33D4-D64B402F0176}.Release|Any CPU.ActiveCfg = Release|Any CPU
		{CA388406-3817-4694-33D4-D64B402F0176}.Release|Any CPU.Build.0 = Release|Any CPU
		{9C6060CE-BC63-98D1-CE36-774BF6F258BF}.Debug|Any CPU.ActiveCfg = Debug|Any CPU
		{9C6060CE-BC63-98D1-CE36-774BF6F258BF}.Debug|Any CPU.Build.0 = Debug|Any CPU
		{9C6060CE-BC63-98D1-CE36-774BF6F258BF}.Release|Any CPU.ActiveCfg = Release|Any CPU
		{9C6060CE-BC63-98D1-CE36-774BF6F258BF}.Release|Any CPU.Build.0 = Release|Any CPU
		{AD9DDDE7-01DF-F029-7374-A293C8859EE0}.Debug|Any CPU.ActiveCfg = Debug|Any CPU
		{AD9DDDE7-01DF-F029-7374-A293C8859EE0}.Debug|Any CPU.Build.0 = Debug|Any CPU
		{AD9DDDE7-01DF-F029-7374-A293C8859EE0}.Release|Any CPU.ActiveCfg = Release|Any CPU
		{AD9DDDE7-01DF-F029-7374-A293C8859EE0}.Release|Any CPU.Build.0 = Release|Any CPU
	EndGlobalSection
	GlobalSection(SolutionProperties) = preSolution
		HideSolutionNode = FALSE
	EndGlobalSection
	GlobalSection(MonoDevelopProperties) = preSolution
		StartupItem = Assembly-CSharp.csproj
	EndGlobalSection
EndGlobal
