
Microsoft Visual Studio Solution File, Format Version 12.00
# Visual Studio 2015
Project("{FAE04EC0-301F-11D3-BF4B-00C04F79EFBC}") = "TrabalhoCG.CSharp.Plugins", "TrabalhoCG.CSharp.Plugins.csproj", "{11310171-CCCA-09C6-3CC3-F5DA7751BAB0}"
EndProject
Project("{FAE04EC0-301F-11D3-BF4B-00C04F79EFBC}") = "TrabalhoCG.CSharp", "TrabalhoCG.CSharp.csproj", "{049A9778-DE9E-A077-171C-6C13DD126150}"
EndProject
Project("{FAE04EC0-301F-11D3-BF4B-00C04F79EFBC}") = "TrabalhoCG.CSharp.Editor", "TrabalhoCG.CSharp.Editor.csproj", "{D261E075-AA19-9845-A20F-D5A898D8197D}"
EndProject
Global
	GlobalSection(SolutionConfigurationPlatforms) = preSolution
		Debug|Any CPU = Debug|Any CPU
		Release|Any CPU = Release|Any CPU
	EndGlobalSection
	GlobalSection(ProjectConfigurationPlatforms) = postSolution
		{11310171-CCCA-09C6-3CC3-F5DA7751BAB0}.Debug|Any CPU.ActiveCfg = Debug|Any CPU
		{11310171-CCCA-09C6-3CC3-F5DA7751BAB0}.Debug|Any CPU.Build.0 = Debug|Any CPU
		{11310171-CCCA-09C6-3CC3-F5DA7751BAB0}.Release|Any CPU.ActiveCfg = Release|Any CPU
		{11310171-CCCA-09C6-3CC3-F5DA7751BAB0}.Release|Any CPU.Build.0 = Release|Any CPU
		{049A9778-DE9E-A077-171C-6C13DD126150}.Debug|Any CPU.ActiveCfg = Debug|Any CPU
		{049A9778-DE9E-A077-171C-6C13DD126150}.Debug|Any CPU.Build.0 = Debug|Any CPU
		{049A9778-DE9E-A077-171C-6C13DD126150}.Release|Any CPU.ActiveCfg = Release|Any CPU
		{049A9778-DE9E-A077-171C-6C13DD126150}.Release|Any CPU.Build.0 = Release|Any CPU
		{D261E075-AA19-9845-A20F-D5A898D8197D}.Debug|Any CPU.ActiveCfg = Debug|Any CPU
		{D261E075-AA19-9845-A20F-D5A898D8197D}.Debug|Any CPU.Build.0 = Debug|Any CPU
		{D261E075-AA19-9845-A20F-D5A898D8197D}.Release|Any CPU.ActiveCfg = Release|Any CPU
		{D261E075-AA19-9845-A20F-D5A898D8197D}.Release|Any CPU.Build.0 = Release|Any CPU
	EndGlobalSection
	GlobalSection(SolutionProperties) = preSolution
		HideSolutionNode = FALSE
	EndGlobalSection
EndGlobal
